// !$*UTF8*$!
{
	archiveVersion = 1;
	classes = {
	};
	objectVersion = 51;
	objects = {

/* Begin PBXBuildFile section */
		7EC0879E8748F09F1FB9EED8 /* Pods_PryanikyTestApp.framework in Frameworks */ = {isa = PBXBuildFile; fileRef = 5122A1DC1A6FA8E1B4141596 /* Pods_PryanikyTestApp.framework */; };
		AE2C1A9824BEE89300D45B0C /* AppDelegate.swift in Sources */ = {isa = PBXBuildFile; fileRef = AE2C1A9724BEE89300D45B0C /* AppDelegate.swift */; };
		AE2C1A9A24BEE89300D45B0C /* SceneDelegate.swift in Sources */ = {isa = PBXBuildFile; fileRef = AE2C1A9924BEE89300D45B0C /* SceneDelegate.swift */; };
		AE2C1A9F24BEE89300D45B0C /* Main.storyboard in Resources */ = {isa = PBXBuildFile; fileRef = AE2C1A9D24BEE89300D45B0C /* Main.storyboard */; };
		AE2C1AA124BEE89400D45B0C /* Assets.xcassets in Resources */ = {isa = PBXBuildFile; fileRef = AE2C1AA024BEE89400D45B0C /* Assets.xcassets */; };
		AE2C1AA424BEE89400D45B0C /* LaunchScreen.storyboard in Resources */ = {isa = PBXBuildFile; fileRef = AE2C1AA224BEE89400D45B0C /* LaunchScreen.storyboard */; };
		AE2C1AAC24BEE8EC00D45B0C /* TableWithDataController.swift in Sources */ = {isa = PBXBuildFile; fileRef = AE2C1AAB24BEE8EC00D45B0C /* TableWithDataController.swift */; };
		AE2C1AB324BEEBCE00D45B0C /* WebService.swift in Sources */ = {isa = PBXBuildFile; fileRef = AE2C1AB224BEEBCE00D45B0C /* WebService.swift */; };
		AE2C1AB524BEED4500D45B0C /* NetworkManager.swift in Sources */ = {isa = PBXBuildFile; fileRef = AE2C1AB424BEED4500D45B0C /* NetworkManager.swift */; };
		AE2C1AB724BEED6E00D45B0C /* DataFetcherService.swift in Sources */ = {isa = PBXBuildFile; fileRef = AE2C1AB624BEED6E00D45B0C /* DataFetcherService.swift */; };
		AE2C1ABA24BEEE3E00D45B0C /* Welcome.swift in Sources */ = {isa = PBXBuildFile; fileRef = AE2C1AB924BEEE3E00D45B0C /* Welcome.swift */; };
		AE2C1ABC24BEF23B00D45B0C /* DetailController.swift in Sources */ = {isa = PBXBuildFile; fileRef = AE2C1ABB24BEF23B00D45B0C /* DetailController.swift */; };
		AE2C1AC124BF0D8F00D45B0C /* DataCell.swift in Sources */ = {isa = PBXBuildFile; fileRef = AE2C1AC024BF0D8F00D45B0C /* DataCell.swift */; };
/* End PBXBuildFile section */

/* Begin PBXFileReference section */
		1BBEA24FDAF38CAEE678640A /* Pods-PryanikyTestApp.release.xcconfig */ = {isa = PBXFileReference; includeInIndex = 1; lastKnownFileType = text.xcconfig; name = "Pods-PryanikyTestApp.release.xcconfig"; path = "Target Support Files/Pods-PryanikyTestApp/Pods-PryanikyTestApp.release.xcconfig"; sourceTree = "<group>"; };
		5122A1DC1A6FA8E1B4141596 /* Pods_PryanikyTestApp.framework */ = {isa = PBXFileReference; explicitFileType = wrapper.framework; includeInIndex = 0; path = Pods_PryanikyTestApp.framework; sourceTree = BUILT_PRODUCTS_DIR; };
		AE2C1A9424BEE89300D45B0C /* PryanikyTestApp.app */ = {isa = PBXFileReference; explicitFileType = wrapper.application; includeInIndex = 0; path = PryanikyTestApp.app; sourceTree = BUILT_PRODUCTS_DIR; };
		AE2C1A9724BEE89300D45B0C /* AppDelegate.swift */ = {isa = PBXFileReference; lastKnownFileType = sourcecode.swift; path = AppDelegate.swift; sourceTree = "<group>"; };
		AE2C1A9924BEE89300D45B0C /* SceneDelegate.swift */ = {isa = PBXFileReference; lastKnownFileType = sourcecode.swift; path = SceneDelegate.swift; sourceTree = "<group>"; };
		AE2C1A9E24BEE89300D45B0C /* Base */ = {isa = PBXFileReference; lastKnownFileType = file.storyboard; name = Base; path = Base.lproj/Main.storyboard; sourceTree = "<group>"; };
		AE2C1AA024BEE89400D45B0C /* Assets.xcassets */ = {isa = PBXFileReference; lastKnownFileType = folder.assetcatalog; path = Assets.xcassets; sourceTree = "<group>"; };
		AE2C1AA324BEE89400D45B0C /* Base */ = {isa = PBXFileReference; lastKnownFileType = file.storyboard; name = Base; path = Base.lproj/LaunchScreen.storyboard; sourceTree = "<group>"; };
		AE2C1AA524BEE89400D45B0C /* Info.plist */ = {isa = PBXFileReference; lastKnownFileType = text.plist.xml; path = Info.plist; sourceTree = "<group>"; };
		AE2C1AAB24BEE8EC00D45B0C /* TableWithDataController.swift */ = {isa = PBXFileReference; lastKnownFileType = sourcecode.swift; path = TableWithDataController.swift; sourceTree = "<group>"; };
		AE2C1AB224BEEBCE00D45B0C /* WebService.swift */ = {isa = PBXFileReference; lastKnownFileType = sourcecode.swift; path = WebService.swift; sourceTree = "<group>"; };
		AE2C1AB424BEED4500D45B0C /* NetworkManager.swift */ = {isa = PBXFileReference; lastKnownFileType = sourcecode.swift; path = NetworkManager.swift; sourceTree = "<group>"; };
		AE2C1AB624BEED6E00D45B0C /* DataFetcherService.swift */ = {isa = PBXFileReference; lastKnownFileType = sourcecode.swift; path = DataFetcherService.swift; sourceTree = "<group>"; };
		AE2C1AB924BEEE3E00D45B0C /* Welcome.swift */ = {isa = PBXFileReference; lastKnownFileType = sourcecode.swift; path = Welcome.swift; sourceTree = "<group>"; };
		AE2C1ABB24BEF23B00D45B0C /* DetailController.swift */ = {isa = PBXFileReference; lastKnownFileType = sourcecode.swift; path = DetailController.swift; sourceTree = "<group>"; };
		AE2C1AC024BF0D8F00D45B0C /* DataCell.swift */ = {isa = PBXFileReference; lastKnownFileType = sourcecode.swift; path = DataCell.swift; sourceTree = "<group>"; };
		B5D404AEEFC8746395F4BA2C /* Pods-PryanikyTestApp.debug.xcconfig */ = {isa = PBXFileReference; includeInIndex = 1; lastKnownFileType = text.xcconfig; name = "Pods-PryanikyTestApp.debug.xcconfig"; path = "Target Support Files/Pods-PryanikyTestApp/Pods-PryanikyTestApp.debug.xcconfig"; sourceTree = "<group>"; };
/* End PBXFileReference section */

/* Begin PBXFrameworksBuildPhase section */
		AE2C1A9124BEE89300D45B0C /* Frameworks */ = {
			isa = PBXFrameworksBuildPhase;
			buildActionMask = 2147483647;
			files = (
				7EC0879E8748F09F1FB9EED8 /* Pods_PryanikyTestApp.framework in Frameworks */,
			);
			runOnlyForDeploymentPostprocessing = 0;
		};
/* End PBXFrameworksBuildPhase section */

/* Begin PBXGroup section */
		A7E3908F6EF3769A456DEA82 /* Pods */ = {
			isa = PBXGroup;
			children = (
				B5D404AEEFC8746395F4BA2C /* Pods-PryanikyTestApp.debug.xcconfig */,
				1BBEA24FDAF38CAEE678640A /* Pods-PryanikyTestApp.release.xcconfig */,
			);
			path = Pods;
			sourceTree = "<group>";
		};
		AE2C1A8B24BEE89300D45B0C = {
			isa = PBXGroup;
			children = (
				AE2C1A9624BEE89300D45B0C /* PryanikyTestApp */,
				AE2C1A9524BEE89300D45B0C /* Products */,
				A7E3908F6EF3769A456DEA82 /* Pods */,
				D32A8769DD8025B5A269361D /* Frameworks */,
			);
			sourceTree = "<group>";
		};
		AE2C1A9524BEE89300D45B0C /* Products */ = {
			isa = PBXGroup;
			children = (
				AE2C1A9424BEE89300D45B0C /* PryanikyTestApp.app */,
			);
			name = Products;
			sourceTree = "<group>";
		};
		AE2C1A9624BEE89300D45B0C /* PryanikyTestApp */ = {
			isa = PBXGroup;
			children = (
				AE2C1AAB24BEE8EC00D45B0C /* TableWithDataController.swift */,
				AE2C1ABB24BEF23B00D45B0C /* DetailController.swift */,
				AE2C1AB824BEEDB900D45B0C /* Model */,
				AE2C1ABF24BF0D4C00D45B0C /* View */,
				AE2C1AC624BF1E5E00D45B0C /* Controller */,
				AE2C1AB124BEEBA700D45B0C /* Service */,
				AE2C1A9924BEE89300D45B0C /* SceneDelegate.swift */,
				AE2C1A9724BEE89300D45B0C /* AppDelegate.swift */,
				AE2C1A9D24BEE89300D45B0C /* Main.storyboard */,
				AE2C1AA024BEE89400D45B0C /* Assets.xcassets */,
				AE2C1AA224BEE89400D45B0C /* LaunchScreen.storyboard */,
				AE2C1AA524BEE89400D45B0C /* Info.plist */,
			);
			path = PryanikyTestApp;
			sourceTree = "<group>";
		};
		AE2C1AB124BEEBA700D45B0C /* Service */ = {
			isa = PBXGroup;
			children = (
				AE2C1AB224BEEBCE00D45B0C /* WebService.swift */,
				AE2C1AB424BEED4500D45B0C /* NetworkManager.swift */,
				AE2C1AB624BEED6E00D45B0C /* DataFetcherService.swift */,
			);
			path = Service;
			sourceTree = "<group>";
		};
		AE2C1AB824BEEDB900D45B0C /* Model */ = {
			isa = PBXGroup;
			children = (
				AE2C1AB924BEEE3E00D45B0C /* Welcome.swift */,
			);
			path = Model;
			sourceTree = "<group>";
		};
		AE2C1ABF24BF0D4C00D45B0C /* View */ = {
			isa = PBXGroup;
			children = (
				AE2C1AC024BF0D8F00D45B0C /* DataCell.swift */,
			);
			path = View;
			sourceTree = "<group>";
		};
		AE2C1AC624BF1E5E00D45B0C /* Controller */ = {
			isa = PBXGroup;
			children = (
			);
			path = Controller;
			sourceTree = "<group>";
		};
		D32A8769DD8025B5A269361D /* Frameworks */ = {
			isa = PBXGroup;
			children = (
				5122A1DC1A6FA8E1B4141596 /* Pods_PryanikyTestApp.framework */,
			);
			name = Frameworks;
			sourceTree = "<group>";
		};
/* End PBXGroup section */

/* Begin PBXNativeTarget section */
		AE2C1A9324BEE89300D45B0C /* PryanikyTestApp */ = {
			isa = PBXNativeTarget;
			buildConfigurationList = AE2C1AA824BEE89400D45B0C /* Build configuration list for PBXNativeTarget "PryanikyTestApp" */;
			buildPhases = (
				56200CBFC1592D4898FEF57A /* [CP] Check Pods Manifest.lock */,
				AE2C1A9024BEE89300D45B0C /* Sources */,
				AE2C1A9124BEE89300D45B0C /* Frameworks */,
				AE2C1A9224BEE89300D45B0C /* Resources */,
				908522A1F35B3BE381785D56 /* [CP] Embed Pods Frameworks */,
			);
			buildRules = (
			);
			dependencies = (
			);
			name = PryanikyTestApp;
			productName = PryanikyTestApp;
			productReference = AE2C1A9424BEE89300D45B0C /* PryanikyTestApp.app */;
			productType = "com.apple.product-type.application";
		};
/* End PBXNativeTarget section */

/* Begin PBXProject section */
		AE2C1A8C24BEE89300D45B0C /* Project object */ = {
			isa = PBXProject;
			attributes = {
				LastSwiftUpdateCheck = 1130;
				LastUpgradeCheck = 1130;
				ORGANIZATIONNAME = rau4o;
				TargetAttributes = {
					AE2C1A9324BEE89300D45B0C = {
						CreatedOnToolsVersion = 11.3.1;
					};
				};
			};
			buildConfigurationList = AE2C1A8F24BEE89300D45B0C /* Build configuration list for PBXProject "PryanikyTestApp" */;
			compatibilityVersion = "Xcode 9.3";
			developmentRegion = en;
			hasScannedForEncodings = 0;
			knownRegions = (
				en,
				Base,
			);
			mainGroup = AE2C1A8B24BEE89300D45B0C;
			productRefGroup = AE2C1A9524BEE89300D45B0C /* Products */;
			projectDirPath = "";
			projectRoot = "";
			targets = (
				AE2C1A9324BEE89300D45B0C /* PryanikyTestApp */,
			);
		};
/* End PBXProject section */

/* Begin PBXResourcesBuildPhase section */
		AE2C1A9224BEE89300D45B0C /* Resources */ = {
			isa = PBXResourcesBuildPhase;
			buildActionMask = 2147483647;
			files = (
				AE2C1AA424BEE89400D45B0C /* LaunchScreen.storyboard in Resources */,
				AE2C1AA124BEE89400D45B0C /* Assets.xcassets in Resources */,
				AE2C1A9F24BEE89300D45B0C /* Main.storyboard in Resources */,
			);
			runOnlyForDeploymentPostprocessing = 0;
		};
/* End PBXResourcesBuildPhase section */

/* Begin PBXShellScriptBuildPhase section */
		56200CBFC1592D4898FEF57A /* [CP] Check Pods Manifest.lock */ = {
			isa = PBXShellScriptBuildPhase;
			buildActionMask = 2147483647;
			files = (
			);
			inputFileListPaths = (
			);
			inputPaths = (
				"${PODS_PODFILE_DIR_PATH}/Podfile.lock",
				"${PODS_ROOT}/Manifest.lock",
			);
			name = "[CP] Check Pods Manifest.lock";
			outputFileListPaths = (
			);
			outputPaths = (
				"$(DERIVED_FILE_DIR)/Pods-PryanikyTestApp-checkManifestLockResult.txt",
			);
			runOnlyForDeploymentPostprocessing = 0;
			shellPath = /bin/sh;
			shellScript = "diff \"${PODS_PODFILE_DIR_PATH}/Podfile.lock\" \"${PODS_ROOT}/Manifest.lock\" > /dev/null\nif [ $? != 0 ] ; then\n    # print error to STDERR\n    echo \"error: The sandbox is not in sync with the Podfile.lock. Run 'pod install' or update your CocoaPods installation.\" >&2\n    exit 1\nfi\n# This output is used by Xcode 'outputs' to avoid re-running this script phase.\necho \"SUCCESS\" > \"${SCRIPT_OUTPUT_FILE_0}\"\n";
			showEnvVarsInLog = 0;
		};
		908522A1F35B3BE381785D56 /* [CP] Embed Pods Frameworks */ = {
			isa = PBXShellScriptBuildPhase;
			buildActionMask = 2147483647;
			files = (
			);
			inputFileListPaths = (
				"${PODS_ROOT}/Target Support Files/Pods-PryanikyTestApp/Pods-PryanikyTestApp-frameworks-${CONFIGURATION}-input-files.xcfilelist",
			);
			name = "[CP] Embed Pods Frameworks";
			outputFileListPaths = (
				"${PODS_ROOT}/Target Support Files/Pods-PryanikyTestApp/Pods-PryanikyTestApp-frameworks-${CONFIGURATION}-output-files.xcfilelist",
			);
			runOnlyForDeploymentPostprocessing = 0;
			shellPath = /bin/sh;
			shellScript = "\"${PODS_ROOT}/Target Support Files/Pods-PryanikyTestApp/Pods-PryanikyTestApp-frameworks.sh\"\n";
			showEnvVarsInLog = 0;
		};
/* End PBXShellScriptBuildPhase section */

/* Begin PBXSourcesBuildPhase section */
		AE2C1A9024BEE89300D45B0C /* Sources */ = {
			isa = PBXSourcesBuildPhase;
			buildActionMask = 2147483647;
			files = (
				AE2C1ABA24BEEE3E00D45B0C /* Welcome.swift in Sources */,
				AE2C1AB324BEEBCE00D45B0C /* WebService.swift in Sources */,
				AE2C1AC124BF0D8F00D45B0C /* DataCell.swift in Sources */,
				AE2C1AB524BEED4500D45B0C /* NetworkManager.swift in Sources */,
				AE2C1AB724BEED6E00D45B0C /* DataFetcherService.swift in Sources */,
				AE2C1A9824BEE89300D45B0C /* AppDelegate.swift in Sources */,
				AE2C1AAC24BEE8EC00D45B0C /* TableWithDataController.swift in Sources */,
				AE2C1ABC24BEF23B00D45B0C /* DetailController.swift in Sources */,
				AE2C1A9A24BEE89300D45B0C /* SceneDelegate.swift in Sources */,
			);
			runOnlyForDeploymentPostprocessing = 0;
		};
/* End PBXSourcesBuildPhase section */

/* Begin PBXVariantGroup section */
		AE2C1A9D24BEE89300D45B0C /* Main.storyboard */ = {
			isa = PBXVariantGroup;
			children = (
				AE2C1A9E24BEE89300D45B0C /* Base */,
			);
			name = Main.storyboard;
			sourceTree = "<group>";
		};
		AE2C1AA224BEE89400D45B0C /* LaunchScreen.storyboard */ = {
			isa = PBXVariantGroup;
			children = (
				AE2C1AA324BEE89400D45B0C /* Base */,
			);
			name = LaunchScreen.storyboard;
			sourceTree = "<group>";
		};
/* End PBXVariantGroup section */

/* Begin XCBuildConfiguration section */
		AE2C1AA624BEE89400D45B0C /* Debug */ = {
			isa = XCBuildConfiguration;
			buildSettings = {
				ALWAYS_SEARCH_USER_PATHS = NO;
				CLANG_ANALYZER_NONNULL = YES;
				CLANG_ANALYZER_NUMBER_OBJECT_CONVERSION = YES_AGGRESSIVE;
				CLANG_CXX_LANGUAGE_STANDARD = "gnu++14";
				CLANG_CXX_LIBRARY = "libc++";
				CLANG_ENABLE_MODULES = YES;
				CLANG_ENABLE_OBJC_ARC = YES;
				CLANG_ENABLE_OBJC_WEAK = YES;
				CLANG_WARN_BLOCK_CAPTURE_AUTORELEASING = YES;
				CLANG_WARN_BOOL_CONVERSION = YES;
				CLANG_WARN_COMMA = YES;
				CLANG_WARN_CONSTANT_CONVERSION = YES;
				CLANG_WARN_DEPRECATED_OBJC_IMPLEMENTATIONS = YES;
				CLANG_WARN_DIRECT_OBJC_ISA_USAGE = YES_ERROR;
				CLANG_WARN_DOCUMENTATION_COMMENTS = YES;
				CLANG_WARN_EMPTY_BODY = YES;
				CLANG_WARN_ENUM_CONVERSION = YES;
				CLANG_WARN_INFINITE_RECURSION = YES;
				CLANG_WARN_INT_CONVERSION = YES;
				CLANG_WARN_NON_LITERAL_NULL_CONVERSION = YES;
				CLANG_WARN_OBJC_IMPLICIT_RETAIN_SELF = YES;
				CLANG_WARN_OBJC_LITERAL_CONVERSION = YES;
				CLANG_WARN_OBJC_ROOT_CLASS = YES_ERROR;
				CLANG_WARN_RANGE_LOOP_ANALYSIS = YES;
				CLANG_WARN_STRICT_PROTOTYPES = YES;
				CLANG_WARN_SUSPICIOUS_MOVE = YES;
				CLANG_WARN_UNGUARDED_AVAILABILITY = YES_AGGRESSIVE;
				CLANG_WARN_UNREACHABLE_CODE = YES;
				CLANG_WARN__DUPLICATE_METHOD_MATCH = YES;
				COPY_PHASE_STRIP = NO;
				DEBUG_INFORMATION_FORMAT = dwarf;
				ENABLE_STRICT_OBJC_MSGSEND = YES;
				ENABLE_TESTABILITY = YES;
				GCC_C_LANGUAGE_STANDARD = gnu11;
				GCC_DYNAMIC_NO_PIC = NO;
				GCC_NO_COMMON_BLOCKS = YES;
				GCC_OPTIMIZATION_LEVEL = 0;
				GCC_PREPROCESSOR_DEFINITIONS = (
					"DEBUG=1",
					"$(inherited)",
				);
				GCC_WARN_64_TO_32_BIT_CONVERSION = YES;
				GCC_WARN_ABOUT_RETURN_TYPE = YES_ERROR;
				GCC_WARN_UNDECLARED_SELECTOR = YES;
				GCC_WARN_UNINITIALIZED_AUTOS = YES_AGGRESSIVE;
				GCC_WARN_UNUSED_FUNCTION = YES;
				GCC_WARN_UNUSED_VARIABLE = YES;
				IPHONEOS_DEPLOYMENT_TARGET = 13.2;
				MTL_ENABLE_DEBUG_INFO = INCLUDE_SOURCE;
				MTL_FAST_MATH = YES;
				ONLY_ACTIVE_ARCH = YES;
				SDKROOT = iphoneos;
				SWIFT_ACTIVE_COMPILATION_CONDITIONS = DEBUG;
				SWIFT_OPTIMIZATION_LEVEL = "-Onone";
			};
			name = Debug;
		};
		AE2C1AA724BEE89400D45B0C /* Release */ = {
			isa = XCBuildConfiguration;
			buildSettings = {
				ALWAYS_SEARCH_USER_PATHS = NO;
				CLANG_ANALYZER_NONNULL = YES;
				CLANG_ANALYZER_NUMBER_OBJECT_CONVERSION = YES_AGGRESSIVE;
				CLANG_CXX_LANGUAGE_STANDARD = "gnu++14";
				CLANG_CXX_LIBRARY = "libc++";
				CLANG_ENABLE_MODULES = YES;
				CLANG_ENABLE_OBJC_ARC = YES;
				CLANG_ENABLE_OBJC_WEAK = YES;
				CLANG_WARN_BLOCK_CAPTURE_AUTORELEASING = YES;
				CLANG_WARN_BOOL_CONVERSION = YES;
				CLANG_WARN_COMMA = YES;
				CLANG_WARN_CONSTANT_CONVERSION = YES;
				CLANG_WARN_DEPRECATED_OBJC_IMPLEMENTATIONS = YES;
				CLANG_WARN_DIRECT_OBJC_ISA_USAGE = YES_ERROR;
				CLANG_WARN_DOCUMENTATION_COMMENTS = YES;
				CLANG_WARN_EMPTY_BODY = YES;
				CLANG_WARN_ENUM_CONVERSION = YES;
				CLANG_WARN_INFINITE_RECURSION = YES;
				CLANG_WARN_INT_CONVERSION = YES;
				CLANG_WARN_NON_LITERAL_NULL_CONVERSION = YES;
				CLANG_WARN_OBJC_IMPLICIT_RETAIN_SELF = YES;
				CLANG_WARN_OBJC_LITERAL_CONVERSION = YES;
				CLANG_WARN_OBJC_ROOT_CLASS = YES_ERROR;
				CLANG_WARN_RANGE_LOOP_ANALYSIS = YES;
				CLANG_WARN_STRICT_PROTOTYPES = YES;
				CLANG_WARN_SUSPICIOUS_MOVE = YES;
				CLANG_WARN_UNGUARDED_AVAILABILITY = YES_AGGRESSIVE;
				CLANG_WARN_UNREACHABLE_CODE = YES;
				CLANG_WARN__DUPLICATE_METHOD_MATCH = YES;
				COPY_PHASE_STRIP = NO;
				DEBUG_INFORMATION_FORMAT = "dwarf-with-dsym";
				ENABLE_NS_ASSERTIONS = NO;
				ENABLE_STRICT_OBJC_MSGSEND = YES;
				GCC_C_LANGUAGE_STANDARD = gnu11;
				GCC_NO_COMMON_BLOCKS = YES;
				GCC_WARN_64_TO_32_BIT_CONVERSION = YES;
				GCC_WARN_ABOUT_RETURN_TYPE = YES_ERROR;
				GCC_WARN_UNDECLARED_SELECTOR = YES;
				GCC_WARN_UNINITIALIZED_AUTOS = YES_AGGRESSIVE;
				GCC_WARN_UNUSED_FUNCTION = YES;
				GCC_WARN_UNUSED_VARIABLE = YES;
				IPHONEOS_DEPLOYMENT_TARGET = 13.2;
				MTL_ENABLE_DEBUG_INFO = NO;
				MTL_FAST_MATH = YES;
				SDKROOT = iphoneos;
				SWIFT_COMPILATION_MODE = wholemodule;
				SWIFT_OPTIMIZATION_LEVEL = "-O";
				VALIDATE_PRODUCT = YES;
			};
			name = Release;
		};
		AE2C1AA924BEE89400D45B0C /* Debug */ = {
			isa = XCBuildConfiguration;
			baseConfigurationReference = B5D404AEEFC8746395F4BA2C /* Pods-PryanikyTestApp.debug.xcconfig */;
			buildSettings = {
				ASSETCATALOG_COMPILER_APPICON_NAME = AppIcon;
				CODE_SIGN_STYLE = Automatic;
				DEVELOPMENT_TEAM = FATE3AU2ZJ;
				INFOPLIST_FILE = PryanikyTestApp/Info.plist;
				LD_RUNPATH_SEARCH_PATHS = (
					"$(inherited)",
					"@executable_path/Frameworks",
				);
				PRODUCT_BUNDLE_IDENTIFIER = APS.PryanikyTestApp;
				PRODUCT_NAME = "$(TARGET_NAME)";
				SWIFT_VERSION = 5.0;
				TARGETED_DEVICE_FAMILY = "1,2";
			};
			name = Debug;
		};
		AE2C1AAA24BEE89400D45B0C /* Release */ = {
			isa = XCBuildConfiguration;
			baseConfigurationReference = 1BBEA24FDAF38CAEE678640A /* Pods-PryanikyTestApp.release.xcconfig */;
			buildSettings = {
				ASSETCATALOG_COMPILER_APPICON_NAME = AppIcon;
				CODE_SIGN_STYLE = Automatic;
				DEVELOPMENT_TEAM = FATE3AU2ZJ;
				INFOPLIST_FILE = PryanikyTestApp/Info.plist;
				LD_RUNPATH_SEARCH_PATHS = (
					"$(inherited)",
					"@executable_path/Frameworks",
				);
				PRODUCT_BUNDLE_IDENTIFIER = APS.PryanikyTestApp;
				PRODUCT_NAME = "$(TARGET_NAME)";
				SWIFT_VERSION = 5.0;
				TARGETED_DEVICE_FAMILY = "1,2";
			};
			name = Release;
		};
/* End XCBuildConfiguration section */

/* Begin XCConfigurationList section */
		AE2C1A8F24BEE89300D45B0C /* Build configuration list for PBXProject "PryanikyTestApp" */ = {
			isa = XCConfigurationList;
			buildConfigurations = (
				AE2C1AA624BEE89400D45B0C /* Debug */,
				AE2C1AA724BEE89400D45B0C /* Release */,
			);
			defaultConfigurationIsVisible = 0;
			defaultConfigurationName = Release;
		};
		AE2C1AA824BEE89400D45B0C /* Build configuration list for PBXNativeTarget "PryanikyTestApp" */ = {
			isa = XCConfigurationList;
			buildConfigurations = (
				AE2C1AA924BEE89400D45B0C /* Debug */,
				AE2C1AAA24BEE89400D45B0C /* Release */,
			);
			defaultConfigurationIsVisible = 0;
			defaultConfigurationName = Release;
		};
/* End XCConfigurationList section */
	};
	rootObject = AE2C1A8C24BEE89300D45B0C /* Project object */;
}
